
Microsoft Visual Studio Solution File, Format Version 12.00
# Visual Studio Version 17
VisualStudioVersion = 17.11.35222.181
MinimumVisualStudioVersion = 10.0.40219.1
Project("{FAE04EC0-301F-11D3-BF4B-00C04F79EFBC}") = "UtilityBills-Siddhartha.Android", "UtilityBills-Siddhartha.Android\UtilityBills-Siddhartha.Android.csproj", "{91983956-65EF-4D60-BD7D-720DDC920D1F}"
EndProject
Project("{FAE04EC0-301F-11D3-BF4B-00C04F79EFBC}") = "UtilityBills-Siddhartha.iOS", "UtilityBills-Siddhartha.iOS\UtilityBills-Siddhartha.iOS.csproj", "{0E07FBBB-5539-41A3-8CE4-CB72ECCA6D25}"
EndProject
Project("{FAE04EC0-301F-11D3-BF4B-00C04F79EFBC}") = "UtilityBills-Siddhartha", "UtilityBills-Siddhartha\UtilityBills-Siddhartha.csproj", "{F6574C37-59DD-4D9B-8E3D-E159E0423694}"
EndProject
Global
	GlobalSection(SolutionConfigurationPlatforms) = preSolution
		Debug|Any CPU = Debug|Any CPU
		Debug|iPhone = Debug|iPhone
		Debug|iPhoneSimulator = Debug|iPhoneSimulator
		Release|Any CPU = Release|Any CPU
		Release|iPhone = Release|iPhone
		Release|iPhoneSimulator = Release|iPhoneSimulator
	EndGlobalSection
	GlobalSection(ProjectConfigurationPlatforms) = postSolution
		{91983956-65EF-4D60-BD7D-720DDC920D1F}.Debug|Any CPU.ActiveCfg = Debug|Any CPU
		{91983956-65EF-4D60-BD7D-720DDC920D1F}.Debug|Any CPU.Build.0 = Debug|Any CPU
		{91983956-65EF-4D60-BD7D-720DDC920D1F}.Debug|Any CPU.Deploy.0 = Debug|Any CPU
		{91983956-65EF-4D60-BD7D-720DDC920D1F}.Debug|iPhone.ActiveCfg = Debug|Any CPU
		{91983956-65EF-4D60-BD7D-720DDC920D1F}.Debug|iPhone.Build.0 = Debug|Any CPU
		{91983956-65EF-4D60-BD7D-720DDC920D1F}.Debug|iPhone.Deploy.0 = Debug|Any CPU
		{91983956-65EF-4D60-BD7D-720DDC920D1F}.Debug|iPhoneSimulator.ActiveCfg = Debug|Any CPU
		{91983956-65EF-4D60-BD7D-720DDC920D1F}.Debug|iPhoneSimulator.Build.0 = Debug|Any CPU
		{91983956-65EF-4D60-BD7D-720DDC920D1F}.Debug|iPhoneSimulator.Deploy.0 = Debug|Any CPU
		{91983956-65EF-4D60-BD7D-720DDC920D1F}.Release|Any CPU.ActiveCfg = Release|Any CPU
		{91983956-65EF-4D60-BD7D-720DDC920D1F}.Release|Any CPU.Build.0 = Release|Any CPU
		{91983956-65EF-4D60-BD7D-720DDC920D1F}.Release|Any CPU.Deploy.0 = Release|Any CPU
		{91983956-65EF-4D60-BD7D-720DDC920D1F}.Release|iPhone.ActiveCfg = Release|Any CPU
		{91983956-65EF-4D60-BD7D-720DDC920D1F}.Release|iPhone.Build.0 = Release|Any CPU
		{91983956-65EF-4D60-BD7D-720DDC920D1F}.Release|iPhone.Deploy.0 = Release|Any CPU
		{91983956-65EF-4D60-BD7D-720DDC920D1F}.Release|iPhoneSimulator.ActiveCfg = Release|Any CPU
		{91983956-65EF-4D60-BD7D-720DDC920D1F}.Release|iPhoneSimulator.Build.0 = Release|Any CPU
		{91983956-65EF-4D60-BD7D-720DDC920D1F}.Release|iPhoneSimulator.Deploy.0 = Release|Any CPU
		{0E07FBBB-5539-41A3-8CE4-CB72ECCA6D25}.Debug|Any CPU.ActiveCfg = Debug|iPhone
		{0E07FBBB-5539-41A3-8CE4-CB72ECCA6D25}.Debug|Any CPU.Build.0 = Debug|iPhone
		{0E07FBBB-5539-41A3-8CE4-CB72ECCA6D25}.Debug|Any CPU.Deploy.0 = Debug|iPhone
		{0E07FBBB-5539-41A3-8CE4-CB72ECCA6D25}.Debug|iPhone.ActiveCfg = Debug|iPhone
		{0E07FBBB-5539-41A3-8CE4-CB72ECCA6D25}.Debug|iPhone.Build.0 = Debug|iPhone
		{0E07FBBB-5539-41A3-8CE4-CB72ECCA6D25}.Debug|iPhone.Deploy.0 = Debug|iPhone
		{0E07FBBB-5539-41A3-8CE4-CB72ECCA6D25}.Debug|iPhoneSimulator.ActiveCfg = Debug|iPhoneSimulator
		{0E07FBBB-5539-41A3-8CE4-CB72ECCA6D25}.Debug|iPhoneSimulator.Build.0 = Debug|iPhoneSimulator
		{0E07FBBB-5539-41A3-8CE4-CB72ECCA6D25}.Debug|iPhoneSimulator.Deploy.0 = Debug|iPhoneSimulator
		{0E07FBBB-5539-41A3-8CE4-CB72ECCA6D25}.Release|Any CPU.ActiveCfg = Release|iPhoneSimulator
		{0E07FBBB-5539-41A3-8CE4-CB72ECCA6D25}.Release|Any CPU.Build.0 = Release|iPhoneSimulator
		{0E07FBBB-5539-41A3-8CE4-CB72ECCA6D25}.Release|Any CPU.Deploy.0 = Release|iPhoneSimulator
		{0E07FBBB-5539-41A3-8CE4-CB72ECCA6D25}.Release|iPhone.ActiveCfg = Release|iPhone
		{0E07FBBB-5539-41A3-8CE4-CB72ECCA6D25}.Release|iPhone.Build.0 = Release|iPhone
		{0E07FBBB-5539-41A3-8CE4-CB72ECCA6D25}.Release|iPhone.Deploy.0 = Release|iPhone
		{0E07FBBB-5539-41A3-8CE4-CB72ECCA6D25}.Release|iPhoneSimulator.ActiveCfg = Release|iPhoneSimulator
		{0E07FBBB-5539-41A3-8CE4-CB72ECCA6D25}.Release|iPhoneSimulator.Build.0 = Release|iPhoneSimulator
		{0E07FBBB-5539-41A3-8CE4-CB72ECCA6D25}.Release|iPhoneSimulator.Deploy.0 = Release|iPhoneSimulator
		{F6574C37-59DD-4D9B-8E3D-E159E0423694}.Debug|Any CPU.ActiveCfg = Debug|Any CPU
		{F6574C37-59DD-4D9B-8E3D-E159E0423694}.Debug|Any CPU.Build.0 = Debug|Any CPU
		{F6574C37-59DD-4D9B-8E3D-E159E0423694}.Debug|Any CPU.Deploy.0 = Debug|Any CPU
		{F6574C37-59DD-4D9B-8E3D-E159E0423694}.Debug|iPhone.ActiveCfg = Debug|Any CPU
		{F6574C37-59DD-4D9B-8E3D-E159E0423694}.Debug|iPhone.Build.0 = Debug|Any CPU
		{F6574C37-59DD-4D9B-8E3D-E159E0423694}.Debug|iPhone.Deploy.0 = Debug|Any CPU
		{F6574C37-59DD-4D9B-8E3D-E159E0423694}.Debug|iPhoneSimulator.ActiveCfg = Debug|Any CPU
		{F6574C37-59DD-4D9B-8E3D-E159E0423694}.Debug|iPhoneSimulator.Build.0 = Debug|Any CPU
		{F6574C37-59DD-4D9B-8E3D-E159E0423694}.Debug|iPhoneSimulator.Deploy.0 = Debug|Any CPU
		{F6574C37-59DD-4D9B-8E3D-E159E0423694}.Release|Any CPU.ActiveCfg = Release|Any CPU
		{F6574C37-59DD-4D9B-8E3D-E159E0423694}.Release|Any CPU.Build.0 = Release|Any CPU
		{F6574C37-59DD-4D9B-8E3D-E159E0423694}.Release|Any CPU.Deploy.0 = Release|Any CPU
		{F6574C37-59DD-4D9B-8E3D-E159E0423694}.Release|iPhone.ActiveCfg = Release|Any CPU
		{F6574C37-59DD-4D9B-8E3D-E159E0423694}.Release|iPhone.Build.0 = Release|Any CPU
		{F6574C37-59DD-4D9B-8E3D-E159E0423694}.Release|iPhone.Deploy.0 = Release|Any CPU
		{F6574C37-59DD-4D9B-8E3D-E159E0423694}.Release|iPhoneSimulator.ActiveCfg = Release|Any CPU
		{F6574C37-59DD-4D9B-8E3D-E159E0423694}.Release|iPhoneSimulator.Build.0 = Release|Any CPU
		{F6574C37-59DD-4D9B-8E3D-E159E0423694}.Release|iPhoneSimulator.Deploy.0 = Release|Any CPU
	EndGlobalSection
	GlobalSection(SolutionProperties) = preSolution
		HideSolutionNode = FALSE
	EndGlobalSection
	GlobalSection(ExtensibilityGlobals) = postSolution
		SolutionGuid = {B381DF71-88C8-4A90-BF45-AE2F3C2E5869}
	EndGlobalSection
EndGlobal
